
Microsoft Visual Studio Solution File, Format Version 12.00
# Visual Studio Version 16
VisualStudioVersion = 16.0.30225.117
MinimumVisualStudioVersion = 10.0.40219.1
Project("{FAE04EC0-301F-11D3-BF4B-00C04F79EFBC}") = "WebControlsDemo", "WebControlsDemo.csproj", "{D21D4383-F790-403E-AD21-FB13AD7107EC}"
EndProject
Global
	GlobalSection(SolutionConfigurationPlatforms) = preSolution
		Debug|Any CPU = Debug|Any CPU
		Release|Any CPU = Release|Any CPU
	EndGlobalSection
	GlobalSection(ProjectConfigurationPlatforms) = postSolution
		{D21D4383-F790-403E-AD21-FB13AD7107EC}.Debug|Any CPU.ActiveCfg = Debug|Any CPU
		{D21D4383-F790-403E-AD21-FB13AD7107EC}.Debug|Any CPU.Build.0 = Debug|Any CPU
		{D21D4383-F790-403E-AD21-FB13AD7107EC}.Release|Any CPU.ActiveCfg = Release|Any CPU
		{D21D4383-F790-403E-AD21-FB13AD7107EC}.Release|Any CPU.Build.0 = Release|Any CPU
	EndGlobalSection
	GlobalSection(SolutionProperties) = preSolution
		HideSolutionNode = FALSE
	EndGlobalSection
	GlobalSection(ExtensibilityGlobals) = postSolution
		SolutionGuid = {622EA6C9-87BE-4D92-B054-5FEBE1B7E4D5}
	EndGlobalSection
EndGlobal
